
Microsoft Visual Studio Solution File, Format Version 12.00
# Visual Studio Version 17
VisualStudioVersion = 17.9.34728.123
MinimumVisualStudioVersion = 10.0.40219.1
Project("{FAE04EC0-301F-11D3-BF4B-00C04F79EFBC}") = "KingICTAkademijaSC", "KingICTAkademijaSC.csproj", "{F7E59D3B-66F1-4D6E-B250-6E85FC9ADC27}"
EndProject
Global
	GlobalSection(SolutionConfigurationPlatforms) = preSolution
		Debug|Any CPU = Debug|Any CPU
		Release|Any CPU = Release|Any CPU
	EndGlobalSection
	GlobalSection(ProjectConfigurationPlatforms) = postSolution
		{F7E59D3B-66F1-4D6E-B250-6E85FC9ADC27}.Debug|Any CPU.ActiveCfg = Debug|Any CPU
		{F7E59D3B-66F1-4D6E-B250-6E85FC9ADC27}.Debug|Any CPU.Build.0 = Debug|Any CPU
		{F7E59D3B-66F1-4D6E-B250-6E85FC9ADC27}.Release|Any CPU.ActiveCfg = Release|Any CPU
		{F7E59D3B-66F1-4D6E-B250-6E85FC9ADC27}.Release|Any CPU.Build.0 = Release|Any CPU
	EndGlobalSection
	GlobalSection(SolutionProperties) = preSolution
		HideSolutionNode = FALSE
	EndGlobalSection
	GlobalSection(ExtensibilityGlobals) = postSolution
		SolutionGuid = {92E6291C-2DA9-480A-9D6E-6E6758A1B005}
	EndGlobalSection
EndGlobal
